
Microsoft Visual Studio Solution File, Format Version 12.00
# Visual Studio Version 16
VisualStudioVersion = 16.0.30413.136
MinimumVisualStudioVersion = 10.0.40219.1
Project("{FAE04EC0-301F-11D3-BF4B-00C04F79EFBC}") = "OfficeCrawler", "OfficeCrawler\OfficeCrawler.csproj", "{1D9CCEF6-13AB-426D-A9FD-72830E17C188}"
EndProject
Global
	GlobalSection(SolutionConfigurationPlatforms) = preSolution
		Debug|Any CPU = Debug|Any CPU
		Release|Any CPU = Release|Any CPU
	EndGlobalSection
	GlobalSection(ProjectConfigurationPlatforms) = postSolution
		{1D9CCEF6-13AB-426D-A9FD-72830E17C188}.Debug|Any CPU.ActiveCfg = Debug|Any CPU
		{1D9CCEF6-13AB-426D-A9FD-72830E17C188}.Debug|Any CPU.Build.0 = Debug|Any CPU
		{1D9CCEF6-13AB-426D-A9FD-72830E17C188}.Release|Any CPU.ActiveCfg = Release|Any CPU
		{1D9CCEF6-13AB-426D-A9FD-72830E17C188}.Release|Any CPU.Build.0 = Release|Any CPU
	EndGlobalSection
	GlobalSection(SolutionProperties) = preSolution
		HideSolutionNode = FALSE
	EndGlobalSection
	GlobalSection(ExtensibilityGlobals) = postSolution
		SolutionGuid = {A5DC6130-5191-48D6-980A-9E2C37CC2A72}
	EndGlobalSection
EndGlobal
